
Microsoft Visual Studio Solution File, Format Version 11.00
# Visual Studio 2010
Project("{FAE04EC0-301F-11D3-BF4B-00C04F79EFBC}") = "UniRx", "UniRx.csproj", "{8E3658B6-401B-BF52-5263-A45A133537B8}"
EndProject
Project("{FAE04EC0-301F-11D3-BF4B-00C04F79EFBC}") = "Assembly-CSharp", "Assembly-CSharp.csproj", "{91F6E59C-9515-C635-7C85-6009FACA809A}"
EndProject
Project("{FAE04EC0-301F-11D3-BF4B-00C04F79EFBC}") = "UniRx.Async", "UniRx.Async.csproj", "{B3EC62A3-A110-1065-A912-52B687A85CCA}"
EndProject
Project("{FAE04EC0-301F-11D3-BF4B-00C04F79EFBC}") = "UniRx.Examples", "UniRx.Examples.csproj", "{71225F50-0150-A446-58A9-E065FD422BEA}"
EndProject
Project("{FAE04EC0-301F-11D3-BF4B-00C04F79EFBC}") = "UniRx.Async.Editor", "UniRx.Async.Editor.csproj", "{8EDA086F-A227-8B63-7092-BD7B348CCB2F}"
EndProject
Global
	GlobalSection(SolutionConfigurationPlatforms) = preSolution
		Debug|Any CPU = Debug|Any CPU
		Release|Any CPU = Release|Any CPU
	EndGlobalSection
	GlobalSection(ProjectConfigurationPlatforms) = postSolution
		{8E3658B6-401B-BF52-5263-A45A133537B8}.Debug|Any CPU.ActiveCfg = Debug|Any CPU
		{8E3658B6-401B-BF52-5263-A45A133537B8}.Debug|Any CPU.Build.0 = Debug|Any CPU
		{8E3658B6-401B-BF52-5263-A45A133537B8}.Release|Any CPU.ActiveCfg = Release|Any CPU
		{8E3658B6-401B-BF52-5263-A45A133537B8}.Release|Any CPU.Build.0 = Release|Any CPU
		{91F6E59C-9515-C635-7C85-6009FACA809A}.Debug|Any CPU.ActiveCfg = Debug|Any CPU
		{91F6E59C-9515-C635-7C85-6009FACA809A}.Debug|Any CPU.Build.0 = Debug|Any CPU
		{91F6E59C-9515-C635-7C85-6009FACA809A}.Release|Any CPU.ActiveCfg = Release|Any CPU
		{91F6E59C-9515-C635-7C85-6009FACA809A}.Release|Any CPU.Build.0 = Release|Any CPU
		{B3EC62A3-A110-1065-A912-52B687A85CCA}.Debug|Any CPU.ActiveCfg = Debug|Any CPU
		{B3EC62A3-A110-1065-A912-52B687A85CCA}.Debug|Any CPU.Build.0 = Debug|Any CPU
		{B3EC62A3-A110-1065-A912-52B687A85CCA}.Release|Any CPU.ActiveCfg = Release|Any CPU
		{B3EC62A3-A110-1065-A912-52B687A85CCA}.Release|Any CPU.Build.0 = Release|Any CPU
		{71225F50-0150-A446-58A9-E065FD422BEA}.Debug|Any CPU.ActiveCfg = Debug|Any CPU
		{71225F50-0150-A446-58A9-E065FD422BEA}.Debug|Any CPU.Build.0 = Debug|Any CPU
		{71225F50-0150-A446-58A9-E065FD422BEA}.Release|Any CPU.ActiveCfg = Release|Any CPU
		{71225F50-0150-A446-58A9-E065FD422BEA}.Release|Any CPU.Build.0 = Release|Any CPU
		{8EDA086F-A227-8B63-7092-BD7B348CCB2F}.Debug|Any CPU.ActiveCfg = Debug|Any CPU
		{8EDA086F-A227-8B63-7092-BD7B348CCB2F}.Debug|Any CPU.Build.0 = Debug|Any CPU
		{8EDA086F-A227-8B63-7092-BD7B348CCB2F}.Release|Any CPU.ActiveCfg = Release|Any CPU
		{8EDA086F-A227-8B63-7092-BD7B348CCB2F}.Release|Any CPU.Build.0 = Release|Any CPU
	EndGlobalSection
	GlobalSection(SolutionProperties) = preSolution
		HideSolutionNode = FALSE
	EndGlobalSection
	GlobalSection(MonoDevelopProperties) = preSolution
		StartupItem = Assembly-CSharp.csproj
	EndGlobalSection
EndGlobal
